
Microsoft Visual Studio Solution File, Format Version 12.00
# Visual Studio Version 16
VisualStudioVersion = 16.0.30907.101
MinimumVisualStudioVersion = 10.0.40219.1
Project("{FAE04EC0-301F-11D3-BF4B-00C04F79EFBC}") = "ToDoREST.UWP", "ToDoREST\ToDoREST.UWP\ToDoREST.UWP.csproj", "{3700BA53-09CB-4C91-ACB3-F870967CA4E5}"
EndProject
Project("{FAE04EC0-301F-11D3-BF4B-00C04F79EFBC}") = "ToDoREST.Android", "ToDoREST\ToDoREST.Android\ToDoREST.Android.csproj", "{797FB27B-0CC5-4AAF-A4FB-EF59B9C57304}"
EndProject
Project("{FAE04EC0-301F-11D3-BF4B-00C04F79EFBC}") = "ToDoREST.iOS", "ToDoREST\ToDoREST.iOS\ToDoREST.iOS.csproj", "{DA9C7B78-78A6-4204-BD5C-06E14DF7E37A}"
EndProject
Project("{FAE04EC0-301F-11D3-BF4B-00C04F79EFBC}") = "ToDoREST", "ToDoREST\ToDoREST\ToDoREST.csproj", "{33DFB8EA-770A-4B56-85FB-2520432DE59A}"
EndProject
Global
	GlobalSection(SolutionConfigurationPlatforms) = preSolution
		Debug|Any CPU = Debug|Any CPU
		Debug|ARM = Debug|ARM
		Debug|iPhone = Debug|iPhone
		Debug|iPhoneSimulator = Debug|iPhoneSimulator
		Debug|x64 = Debug|x64
		Debug|x86 = Debug|x86
		Release|Any CPU = Release|Any CPU
		Release|ARM = Release|ARM
		Release|iPhone = Release|iPhone
		Release|iPhoneSimulator = Release|iPhoneSimulator
		Release|x64 = Release|x64
		Release|x86 = Release|x86
	EndGlobalSection
	GlobalSection(ProjectConfigurationPlatforms) = postSolution
		{3700BA53-09CB-4C91-ACB3-F870967CA4E5}.Debug|Any CPU.ActiveCfg = Debug|x86
		{3700BA53-09CB-4C91-ACB3-F870967CA4E5}.Debug|Any CPU.Build.0 = Debug|x86
		{3700BA53-09CB-4C91-ACB3-F870967CA4E5}.Debug|Any CPU.Deploy.0 = Debug|x86
		{3700BA53-09CB-4C91-ACB3-F870967CA4E5}.Debug|ARM.ActiveCfg = Debug|ARM
		{3700BA53-09CB-4C91-ACB3-F870967CA4E5}.Debug|ARM.Build.0 = Debug|ARM
		{3700BA53-09CB-4C91-ACB3-F870967CA4E5}.Debug|ARM.Deploy.0 = Debug|ARM
		{3700BA53-09CB-4C91-ACB3-F870967CA4E5}.Debug|iPhone.ActiveCfg = Debug|x86
		{3700BA53-09CB-4C91-ACB3-F870967CA4E5}.Debug|iPhone.Build.0 = Debug|x86
		{3700BA53-09CB-4C91-ACB3-F870967CA4E5}.Debug|iPhone.Deploy.0 = Debug|x86
		{3700BA53-09CB-4C91-ACB3-F870967CA4E5}.Debug|iPhoneSimulator.ActiveCfg = Debug|x86
		{3700BA53-09CB-4C91-ACB3-F870967CA4E5}.Debug|iPhoneSimulator.Build.0 = Debug|x86
		{3700BA53-09CB-4C91-ACB3-F870967CA4E5}.Debug|iPhoneSimulator.Deploy.0 = Debug|x86
		{3700BA53-09CB-4C91-ACB3-F870967CA4E5}.Debug|x64.ActiveCfg = Debug|x64
		{3700BA53-09CB-4C91-ACB3-F870967CA4E5}.Debug|x64.Build.0 = Debug|x64
		{3700BA53-09CB-4C91-ACB3-F870967CA4E5}.Debug|x64.Deploy.0 = Debug|x64
		{3700BA53-09CB-4C91-ACB3-F870967CA4E5}.Debug|x86.ActiveCfg = Debug|x86
		{3700BA53-09CB-4C91-ACB3-F870967CA4E5}.Debug|x86.Build.0 = Debug|x86
		{3700BA53-09CB-4C91-ACB3-F870967CA4E5}.Debug|x86.Deploy.0 = Debug|x86
		{3700BA53-09CB-4C91-ACB3-F870967CA4E5}.Release|Any CPU.ActiveCfg = Release|x86
		{3700BA53-09CB-4C91-ACB3-F870967CA4E5}.Release|Any CPU.Build.0 = Release|x86
		{3700BA53-09CB-4C91-ACB3-F870967CA4E5}.Release|Any CPU.Deploy.0 = Release|x86
		{3700BA53-09CB-4C91-ACB3-F870967CA4E5}.Release|ARM.ActiveCfg = Release|ARM
		{3700BA53-09CB-4C91-ACB3-F870967CA4E5}.Release|ARM.Build.0 = Release|ARM
		{3700BA53-09CB-4C91-ACB3-F870967CA4E5}.Release|ARM.Deploy.0 = Release|ARM
		{3700BA53-09CB-4C91-ACB3-F870967CA4E5}.Release|iPhone.ActiveCfg = Release|x86
		{3700BA53-09CB-4C91-ACB3-F870967CA4E5}.Release|iPhone.Build.0 = Release|x86
		{3700BA53-09CB-4C91-ACB3-F870967CA4E5}.Release|iPhone.Deploy.0 = Release|x86
		{3700BA53-09CB-4C91-ACB3-F870967CA4E5}.Release|iPhoneSimulator.ActiveCfg = Release|x86
		{3700BA53-09CB-4C91-ACB3-F870967CA4E5}.Release|iPhoneSimulator.Build.0 = Release|x86
		{3700BA53-09CB-4C91-ACB3-F870967CA4E5}.Release|iPhoneSimulator.Deploy.0 = Release|x86
		{3700BA53-09CB-4C91-ACB3-F870967CA4E5}.Release|x64.ActiveCfg = Release|x64
		{3700BA53-09CB-4C91-ACB3-F870967CA4E5}.Release|x64.Build.0 = Release|x64
		{3700BA53-09CB-4C91-ACB3-F870967CA4E5}.Release|x64.Deploy.0 = Release|x64
		{3700BA53-09CB-4C91-ACB3-F870967CA4E5}.Release|x86.ActiveCfg = Release|x86
		{3700BA53-09CB-4C91-ACB3-F870967CA4E5}.Release|x86.Build.0 = Release|x86
		{3700BA53-09CB-4C91-ACB3-F870967CA4E5}.Release|x86.Deploy.0 = Release|x86
		{797FB27B-0CC5-4AAF-A4FB-EF59B9C57304}.Debug|Any CPU.ActiveCfg = Debug|Any CPU
		{797FB27B-0CC5-4AAF-A4FB-EF59B9C57304}.Debug|Any CPU.Build.0 = Debug|Any CPU
		{797FB27B-0CC5-4AAF-A4FB-EF59B9C57304}.Debug|Any CPU.Deploy.0 = Debug|Any CPU
		{797FB27B-0CC5-4AAF-A4FB-EF59B9C57304}.Debug|ARM.ActiveCfg = Debug|Any CPU
		{797FB27B-0CC5-4AAF-A4FB-EF59B9C57304}.Debug|ARM.Build.0 = Debug|Any CPU
		{797FB27B-0CC5-4AAF-A4FB-EF59B9C57304}.Debug|ARM.Deploy.0 = Debug|Any CPU
		{797FB27B-0CC5-4AAF-A4FB-EF59B9C57304}.Debug|iPhone.ActiveCfg = Debug|Any CPU
		{797FB27B-0CC5-4AAF-A4FB-EF59B9C57304}.Debug|iPhone.Build.0 = Debug|Any CPU
		{797FB27B-0CC5-4AAF-A4FB-EF59B9C57304}.Debug|iPhone.Deploy.0 = Debug|Any CPU
		{797FB27B-0CC5-4AAF-A4FB-EF59B9C57304}.Debug|iPhoneSimulator.ActiveCfg = Debug|Any CPU
		{797FB27B-0CC5-4AAF-A4FB-EF59B9C57304}.Debug|iPhoneSimulator.Build.0 = Debug|Any CPU
		{797FB27B-0CC5-4AAF-A4FB-EF59B9C57304}.Debug|iPhoneSimulator.Deploy.0 = Debug|Any CPU
		{797FB27B-0CC5-4AAF-A4FB-EF59B9C57304}.Debug|x64.ActiveCfg = Debug|Any CPU
		{797FB27B-0CC5-4AAF-A4FB-EF59B9C57304}.Debug|x64.Build.0 = Debug|Any CPU
		{797FB27B-0CC5-4AAF-A4FB-EF59B9C57304}.Debug|x64.Deploy.0 = Debug|Any CPU
		{797FB27B-0CC5-4AAF-A4FB-EF59B9C57304}.Debug|x86.ActiveCfg = Debug|Any CPU
		{797FB27B-0CC5-4AAF-A4FB-EF59B9C57304}.Debug|x86.Build.0 = Debug|Any CPU
		{797FB27B-0CC5-4AAF-A4FB-EF59B9C57304}.Debug|x86.Deploy.0 = Debug|Any CPU
		{797FB27B-0CC5-4AAF-A4FB-EF59B9C57304}.Release|Any CPU.ActiveCfg = Release|Any CPU
		{797FB27B-0CC5-4AAF-A4FB-EF59B9C57304}.Release|Any CPU.Build.0 = Release|Any CPU
		{797FB27B-0CC5-4AAF-A4FB-EF59B9C57304}.Release|Any CPU.Deploy.0 = Release|Any CPU
		{797FB27B-0CC5-4AAF-A4FB-EF59B9C57304}.Release|ARM.ActiveCfg = Release|Any CPU
		{797FB27B-0CC5-4AAF-A4FB-EF59B9C57304}.Release|ARM.Build.0 = Release|Any CPU
		{797FB27B-0CC5-4AAF-A4FB-EF59B9C57304}.Release|ARM.Deploy.0 = Release|Any CPU
		{797FB27B-0CC5-4AAF-A4FB-EF59B9C57304}.Release|iPhone.ActiveCfg = Release|Any CPU
		{797FB27B-0CC5-4AAF-A4FB-EF59B9C57304}.Release|iPhone.Build.0 = Release|Any CPU
		{797FB27B-0CC5-4AAF-A4FB-EF59B9C57304}.Release|iPhone.Deploy.0 = Release|Any CPU
		{797FB27B-0CC5-4AAF-A4FB-EF59B9C57304}.Release|iPhoneSimulator.ActiveCfg = Release|Any CPU
		{797FB27B-0CC5-4AAF-A4FB-EF59B9C57304}.Release|iPhoneSimulator.Build.0 = Release|Any CPU
		{797FB27B-0CC5-4AAF-A4FB-EF59B9C57304}.Release|iPhoneSimulator.Deploy.0 = Release|Any CPU
		{797FB27B-0CC5-4AAF-A4FB-EF59B9C57304}.Release|x64.ActiveCfg = Release|Any CPU
		{797FB27B-0CC5-4AAF-A4FB-EF59B9C57304}.Release|x64.Build.0 = Release|Any CPU
		{797FB27B-0CC5-4AAF-A4FB-EF59B9C57304}.Release|x64.Deploy.0 = Release|Any CPU
		{797FB27B-0CC5-4AAF-A4FB-EF59B9C57304}.Release|x86.ActiveCfg = Release|Any CPU
		{797FB27B-0CC5-4AAF-A4FB-EF59B9C57304}.Release|x86.Build.0 = Release|Any CPU
		{797FB27B-0CC5-4AAF-A4FB-EF59B9C57304}.Release|x86.Deploy.0 = Release|Any CPU
		{DA9C7B78-78A6-4204-BD5C-06E14DF7E37A}.Debug|Any CPU.ActiveCfg = Debug|iPhoneSimulator
		{DA9C7B78-78A6-4204-BD5C-06E14DF7E37A}.Debug|Any CPU.Build.0 = Debug|iPhoneSimulator
		{DA9C7B78-78A6-4204-BD5C-06E14DF7E37A}.Debug|Any CPU.Deploy.0 = Debug|iPhoneSimulator
		{DA9C7B78-78A6-4204-BD5C-06E14DF7E37A}.Debug|ARM.ActiveCfg = Debug|iPhone
		{DA9C7B78-78A6-4204-BD5C-06E14DF7E37A}.Debug|ARM.Build.0 = Debug|iPhone
		{DA9C7B78-78A6-4204-BD5C-06E14DF7E37A}.Debug|ARM.Deploy.0 = Debug|iPhone
		{DA9C7B78-78A6-4204-BD5C-06E14DF7E37A}.Debug|iPhone.ActiveCfg = Debug|iPhone
		{DA9C7B78-78A6-4204-BD5C-06E14DF7E37A}.Debug|iPhone.Build.0 = Debug|iPhone
		{DA9C7B78-78A6-4204-BD5C-06E14DF7E37A}.Debug|iPhone.Deploy.0 = Debug|iPhone
		{DA9C7B78-78A6-4204-BD5C-06E14DF7E37A}.Debug|iPhoneSimulator.ActiveCfg = Debug|iPhoneSimulator
		{DA9C7B78-78A6-4204-BD5C-06E14DF7E37A}.Debug|iPhoneSimulator.Build.0 = Debug|iPhoneSimulator
		{DA9C7B78-78A6-4204-BD5C-06E14DF7E37A}.Debug|iPhoneSimulator.Deploy.0 = Debug|iPhoneSimulator
		{DA9C7B78-78A6-4204-BD5C-06E14DF7E37A}.Debug|x64.ActiveCfg = Debug|iPhoneSimulator
		{DA9C7B78-78A6-4204-BD5C-06E14DF7E37A}.Debug|x64.Build.0 = Debug|iPhoneSimulator
		{DA9C7B78-78A6-4204-BD5C-06E14DF7E37A}.Debug|x64.Deploy.0 = Debug|iPhoneSimulator
		{DA9C7B78-78A6-4204-BD5C-06E14DF7E37A}.Debug|x86.ActiveCfg = Debug|iPhoneSimulator
		{DA9C7B78-78A6-4204-BD5C-06E14DF7E37A}.Debug|x86.Build.0 = Debug|iPhoneSimulator
		{DA9C7B78-78A6-4204-BD5C-06E14DF7E37A}.Debug|x86.Deploy.0 = Debug|iPhoneSimulator
		{DA9C7B78-78A6-4204-BD5C-06E14DF7E37A}.Release|Any CPU.ActiveCfg = Release|iPhoneSimulator
		{DA9C7B78-78A6-4204-BD5C-06E14DF7E37A}.Release|Any CPU.Build.0 = Release|iPhoneSimulator
		{DA9C7B78-78A6-4204-BD5C-06E14DF7E37A}.Release|Any CPU.Deploy.0 = Release|iPhoneSimulator
		{DA9C7B78-78A6-4204-BD5C-06E14DF7E37A}.Release|ARM.ActiveCfg = Release|iPhoneSimulator
		{DA9C7B78-78A6-4204-BD5C-06E14DF7E37A}.Release|ARM.Build.0 = Release|iPhoneSimulator
		{DA9C7B78-78A6-4204-BD5C-06E14DF7E37A}.Release|ARM.Deploy.0 = Release|iPhoneSimulator
		{DA9C7B78-78A6-4204-BD5C-06E14DF7E37A}.Release|iPhone.ActiveCfg = Release|iPhone
		{DA9C7B78-78A6-4204-BD5C-06E14DF7E37A}.Release|iPhone.Build.0 = Release|iPhone
		{DA9C7B78-78A6-4204-BD5C-06E14DF7E37A}.Release|iPhone.Deploy.0 = Release|iPhone
		{DA9C7B78-78A6-4204-BD5C-06E14DF7E37A}.Release|iPhoneSimulator.ActiveCfg = Release|iPhoneSimulator
		{DA9C7B78-78A6-4204-BD5C-06E14DF7E37A}.Release|iPhoneSimulator.Build.0 = Release|iPhoneSimulator
		{DA9C7B78-78A6-4204-BD5C-06E14DF7E37A}.Release|iPhoneSimulator.Deploy.0 = Release|iPhoneSimulator
		{DA9C7B78-78A6-4204-BD5C-06E14DF7E37A}.Release|x64.ActiveCfg = Release|iPhoneSimulator
		{DA9C7B78-78A6-4204-BD5C-06E14DF7E37A}.Release|x64.Build.0 = Release|iPhoneSimulator
		{DA9C7B78-78A6-4204-BD5C-06E14DF7E37A}.Release|x64.Deploy.0 = Release|iPhoneSimulator
		{DA9C7B78-78A6-4204-BD5C-06E14DF7E37A}.Release|x86.ActiveCfg = Release|iPhoneSimulator
		{DA9C7B78-78A6-4204-BD5C-06E14DF7E37A}.Release|x86.Build.0 = Release|iPhoneSimulator
		{DA9C7B78-78A6-4204-BD5C-06E14DF7E37A}.Release|x86.Deploy.0 = Release|iPhoneSimulator
		{33DFB8EA-770A-4B56-85FB-2520432DE59A}.Debug|Any CPU.ActiveCfg = Debug|Any CPU
		{33DFB8EA-770A-4B56-85FB-2520432DE59A}.Debug|Any CPU.Build.0 = Debug|Any CPU
		{33DFB8EA-770A-4B56-85FB-2520432DE59A}.Debug|Any CPU.Deploy.0 = Debug|Any CPU
		{33DFB8EA-770A-4B56-85FB-2520432DE59A}.Debug|ARM.ActiveCfg = Debug|Any CPU
		{33DFB8EA-770A-4B56-85FB-2520432DE59A}.Debug|ARM.Build.0 = Debug|Any CPU
		{33DFB8EA-770A-4B56-85FB-2520432DE59A}.Debug|ARM.Deploy.0 = Debug|Any CPU
		{33DFB8EA-770A-4B56-85FB-2520432DE59A}.Debug|iPhone.ActiveCfg = Debug|Any CPU
		{33DFB8EA-770A-4B56-85FB-2520432DE59A}.Debug|iPhone.Build.0 = Debug|Any CPU
		{33DFB8EA-770A-4B56-85FB-2520432DE59A}.Debug|iPhone.Deploy.0 = Debug|Any CPU
		{33DFB8EA-770A-4B56-85FB-2520432DE59A}.Debug|iPhoneSimulator.ActiveCfg = Debug|Any CPU
		{33DFB8EA-770A-4B56-85FB-2520432DE59A}.Debug|iPhoneSimulator.Build.0 = Debug|Any CPU
		{33DFB8EA-770A-4B56-85FB-2520432DE59A}.Debug|iPhoneSimulator.Deploy.0 = Debug|Any CPU
		{33DFB8EA-770A-4B56-85FB-2520432DE59A}.Debug|x64.ActiveCfg = Debug|Any CPU
		{33DFB8EA-770A-4B56-85FB-2520432DE59A}.Debug|x64.Build.0 = Debug|Any CPU
		{33DFB8EA-770A-4B56-85FB-2520432DE59A}.Debug|x64.Deploy.0 = Debug|Any CPU
		{33DFB8EA-770A-4B56-85FB-2520432DE59A}.Debug|x86.ActiveCfg = Debug|Any CPU
		{33DFB8EA-770A-4B56-85FB-2520432DE59A}.Debug|x86.Build.0 = Debug|Any CPU
		{33DFB8EA-770A-4B56-85FB-2520432DE59A}.Debug|x86.Deploy.0 = Debug|Any CPU
		{33DFB8EA-770A-4B56-85FB-2520432DE59A}.Release|Any CPU.ActiveCfg = Release|Any CPU
		{33DFB8EA-770A-4B56-85FB-2520432DE59A}.Release|Any CPU.Build.0 = Release|Any CPU
		{33DFB8EA-770A-4B56-85FB-2520432DE59A}.Release|Any CPU.Deploy.0 = Release|Any CPU
		{33DFB8EA-770A-4B56-85FB-2520432DE59A}.Release|ARM.ActiveCfg = Release|Any CPU
		{33DFB8EA-770A-4B56-85FB-2520432DE59A}.Release|ARM.Build.0 = Release|Any CPU
		{33DFB8EA-770A-4B56-85FB-2520432DE59A}.Release|ARM.Deploy.0 = Release|Any CPU
		{33DFB8EA-770A-4B56-85FB-2520432DE59A}.Release|iPhone.ActiveCfg = Release|Any CPU
		{33DFB8EA-770A-4B56-85FB-2520432DE59A}.Release|iPhone.Build.0 = Release|Any CPU
		{33DFB8EA-770A-4B56-85FB-2520432DE59A}.Release|iPhone.Deploy.0 = Release|Any CPU
		{33DFB8EA-770A-4B56-85FB-2520432DE59A}.Release|iPhoneSimulator.ActiveCfg = Release|Any CPU
		{33DFB8EA-770A-4B56-85FB-2520432DE59A}.Release|iPhoneSimulator.Build.0 = Release|Any CPU
		{33DFB8EA-770A-4B56-85FB-2520432DE59A}.Release|iPhoneSimulator.Deploy.0 = Release|Any CPU
		{33DFB8EA-770A-4B56-85FB-2520432DE59A}.Release|x64.ActiveCfg = Release|Any CPU
		{33DFB8EA-770A-4B56-85FB-2520432DE59A}.Release|x64.Build.0 = Release|Any CPU
		{33DFB8EA-770A-4B56-85FB-2520432DE59A}.Release|x64.Deploy.0 = Release|Any CPU
		{33DFB8EA-770A-4B56-85FB-2520432DE59A}.Release|x86.ActiveCfg = Release|Any CPU
		{33DFB8EA-770A-4B56-85FB-2520432DE59A}.Release|x86.Build.0 = Release|Any CPU
		{33DFB8EA-770A-4B56-85FB-2520432DE59A}.Release|x86.Deploy.0 = Release|Any CPU
	EndGlobalSection
	GlobalSection(SolutionProperties) = preSolution
		HideSolutionNode = FALSE
	EndGlobalSection
	GlobalSection(ExtensibilityGlobals) = postSolution
		SolutionGuid = {716AFF85-CDB7-40A5-87A8-1914152DDCE0}
	EndGlobalSection
EndGlobal
